
Microsoft Visual Studio Solution File, Format Version 12.00
# Visual Studio Version 16
VisualStudioVersion = 16.0.31129.286
MinimumVisualStudioVersion = 10.0.40219.1
Project("{FAE04EC0-301F-11D3-BF4B-00C04F79EFBC}") = "Test1", "Test1\Test1.csproj", "{580CEC04-7721-4313-BB44-2839C345E025}"
EndProject
Global
	GlobalSection(SolutionConfigurationPlatforms) = preSolution
		Debug|Any CPU = Debug|Any CPU
		Release|Any CPU = Release|Any CPU
	EndGlobalSection
	GlobalSection(ProjectConfigurationPlatforms) = postSolution
		{580CEC04-7721-4313-BB44-2839C345E025}.Debug|Any CPU.ActiveCfg = Debug|Any CPU
		{580CEC04-7721-4313-BB44-2839C345E025}.Debug|Any CPU.Build.0 = Debug|Any CPU
		{580CEC04-7721-4313-BB44-2839C345E025}.Release|Any CPU.ActiveCfg = Release|Any CPU
		{580CEC04-7721-4313-BB44-2839C345E025}.Release|Any CPU.Build.0 = Release|Any CPU
	EndGlobalSection
	GlobalSection(SolutionProperties) = preSolution
		HideSolutionNode = FALSE
	EndGlobalSection
	GlobalSection(ExtensibilityGlobals) = postSolution
		SolutionGuid = {3A042290-91BA-4792-94A6-E9E97577D788}
	EndGlobalSection
EndGlobal
